
Microsoft Visual Studio Solution File, Format Version 12.00
# Visual Studio 2012
Project("{FAE04EC0-301F-11D3-BF4B-00C04F79EFBC}") = "Euler7", "Euler7\Euler7.csproj", "{8767FD60-56FC-499F-A885-97F1E5F4F1F8}"
EndProject
Project("{FAE04EC0-301F-11D3-BF4B-00C04F79EFBC}") = "TestEuler7", "TestEuler7\TestEuler7.csproj", "{F670775A-071E-4702-A018-4C446D74B5E0}"
EndProject
Global
	GlobalSection(SolutionConfigurationPlatforms) = preSolution
		Debug|Any CPU = Debug|Any CPU
		Release|Any CPU = Release|Any CPU
	EndGlobalSection
	GlobalSection(ProjectConfigurationPlatforms) = postSolution
		{8767FD60-56FC-499F-A885-97F1E5F4F1F8}.Debug|Any CPU.ActiveCfg = Debug|Any CPU
		{8767FD60-56FC-499F-A885-97F1E5F4F1F8}.Debug|Any CPU.Build.0 = Debug|Any CPU
		{8767FD60-56FC-499F-A885-97F1E5F4F1F8}.Release|Any CPU.ActiveCfg = Release|Any CPU
		{8767FD60-56FC-499F-A885-97F1E5F4F1F8}.Release|Any CPU.Build.0 = Release|Any CPU
		{F670775A-071E-4702-A018-4C446D74B5E0}.Debug|Any CPU.ActiveCfg = Debug|Any CPU
		{F670775A-071E-4702-A018-4C446D74B5E0}.Debug|Any CPU.Build.0 = Debug|Any CPU
		{F670775A-071E-4702-A018-4C446D74B5E0}.Release|Any CPU.ActiveCfg = Release|Any CPU
		{F670775A-071E-4702-A018-4C446D74B5E0}.Release|Any CPU.Build.0 = Release|Any CPU
	EndGlobalSection
	GlobalSection(SolutionProperties) = preSolution
		HideSolutionNode = FALSE
	EndGlobalSection
EndGlobal
